
Microsoft Visual Studio Solution File, Format Version 12.00
# Visual Studio Version 17
VisualStudioVersion = 17.0.31903.59
MinimumVisualStudioVersion = 10.0.40219.1
Project("{2150E333-8FDC-42A3-9474-1A3956D46DE8}") = "Controller", "Controller", "{F004EEAF-E4B9-472C-82E3-1853ABD343E3}"
EndProject
Project("{9A19103F-16F7-4668-BE54-9A1E7A4F7556}") = "DALI.PolicyRequirement.BaseController", "DALI.PolicyRequirement.BaseController\DALI.PolicyRequirement.BaseController.csproj", "{D510011B-6CF5-43EE-88D7-97334BF357A0}"
EndProject
Project("{9A19103F-16F7-4668-BE54-9A1E7A4F7556}") = "DALI.PolicyRequirement.AreasController", "DALI.PolicyRequirement.AreasController\DALI.PolicyRequirement.AreasController.csproj", "{B2A8EBDB-11F5-404A-AE60-FBE42A24BC92}"
EndProject
Project("{9A19103F-16F7-4668-BE54-9A1E7A4F7556}") = "DALI.PolicyRequirement.AttachmentsController", "DALI.PolicyRequirement.AttachmentsController\DALI.PolicyRequirement.AttachmentsController.csproj", "{FAE7F76B-A865-47E4-B010-2944B8883947}"
EndProject
Project("{9A19103F-16F7-4668-BE54-9A1E7A4F7556}") = "DALI.PolicyRequirement.ChaptersController", "DALI.PolicyRequirement.ChaptersController\DALI.PolicyRequirement.ChaptersController.csproj", "{1A54395A-344B-41B5-9426-83E42CC81F14}"
EndProject
Project("{9A19103F-16F7-4668-BE54-9A1E7A4F7556}") = "DALI.PolicyRequirement.ChildSubjectsController", "DALI.PolicyRequirement.ChildSubjectsController\DALI.PolicyRequirement.ChildSubjectsController.csproj", "{E97849AE-42C9-42AA-9EC5-E78CA1AD9D96}"
EndProject
Project("{9A19103F-16F7-4668-BE54-9A1E7A4F7556}") = "DALI.PolicyRequirement.LevelsController", "DALI.PolicyRequirement.LevelsController\DALI.PolicyRequirement.LevelsController.csproj", "{97B2C7C6-8830-4303-8DA6-02140E557C46}"
EndProject
Project("{9A19103F-16F7-4668-BE54-9A1E7A4F7556}") = "DALI.PolicyRequirement.LocalAuthoritiesController", "DALI.PolicyRequirement.LocalAuthoritiesController\DALI.PolicyRequirement.LocalAuthoritiesController.csproj", "{346AF2EF-D4C1-4EC9-AF21-7ACD82B899CE}"
EndProject
Project("{9A19103F-16F7-4668-BE54-9A1E7A4F7556}") = "DALI.PolicyRequirement.LocationsController", "DALI.PolicyRequirement.LocationsController\DALI.PolicyRequirement.LocationsController.csproj", "{4A84350D-9975-4EFB-B90E-7FB46CF5B935}"
EndProject
Project("{9A19103F-16F7-4668-BE54-9A1E7A4F7556}") = "DALI.PolicyRequirement.PolicyRequirementController", "DALI.PolicyRequirement.PolicyRequirementController\DALI.PolicyRequirement.PolicyRequirementController.csproj", "{A31BB222-8583-4552-8DE5-0447B2F8EA2A}"
EndProject
Project("{9A19103F-16F7-4668-BE54-9A1E7A4F7556}") = "DALI.PolicyRequirement.SearchController", "DALI.PolicyRequirement.SearchController\DALI.PolicyRequirement.SearchController.csproj", "{E2F3D6E3-8ACC-4F48-A449-31DD6391885E}"
EndProject
Project("{9A19103F-16F7-4668-BE54-9A1E7A4F7556}") = "DALI.PolicyRequirement.SourceDocumentsController", "DALI.PolicyRequirement.SourceDocumentsController\DALI.PolicyRequirement.SourceDocumentsController.csproj", "{B72D57E1-90DA-4D39-97BF-E4BF9F12118A}"
EndProject
Project("{9A19103F-16F7-4668-BE54-9A1E7A4F7556}") = "DALI.PolicyRequirement.StrictnessessController", "DALI.PolicyRequirement.StrictnessessController\DALI.PolicyRequirement.StrictnessessController.csproj", "{BFD8E74B-E22F-4D0C-9324-0EB7E2D9F275}"
EndProject
Project("{9A19103F-16F7-4668-BE54-9A1E7A4F7556}") = "DALI.PolicyRequirement.SubjectsController", "DALI.PolicyRequirement.SubjectsController\DALI.PolicyRequirement.SubjectsController.csproj", "{73DDD393-690A-4247-A751-AAB5972EF6F0}"
EndProject
Project("{2150E333-8FDC-42A3-9474-1A3956D46DE8}") = "Services", "Services", "{652376F7-001E-41DD-B44B-E1C9AA921002}"
EndProject
Project("{9A19103F-16F7-4668-BE54-9A1E7A4F7556}") = "DALI.PublicSpaceManagement.Services", "DALI.PublicSpaceManagement.Services\DALI.PublicSpaceManagement.Services.csproj", "{8F3875E2-4D5C-40DF-A181-CC4296EE189A}"
EndProject
Project("{2150E333-8FDC-42A3-9474-1A3956D46DE8}") = "Entities", "Entities", "{E1557F1C-D3C5-4313-9E7B-47BAAAD04EFD}"
	ProjectSection(SolutionItems) = preProject
		DALI.PolicyRequirements.DataEntityModels\PolicyRequirements.DataEntityModels.cs = DALI.PolicyRequirements.DataEntityModels\PolicyRequirements.DataEntityModels.cs
	EndProjectSection
EndProject
Project("{9A19103F-16F7-4668-BE54-9A1E7A4F7556}") = "DALI.PolicyRequirements.DataEntityModels", "DALI.PolicyRequirements.DataEntityModels\DALI.PolicyRequirements.DataEntityModels.csproj", "{43E057ED-68BA-4E1D-9A08-855C4218456F}"
EndProject
Project("{2150E333-8FDC-42A3-9474-1A3956D46DE8}") = "Repository", "Repository", "{2D8A1469-E687-44BD-9706-43AAC5DE2324}"
EndProject
Project("{2150E333-8FDC-42A3-9474-1A3956D46DE8}") = "Models", "Models", "{25173BD8-6C2C-4A25-9175-DD40D7BE0A9E}"
EndProject
Project("{9A19103F-16F7-4668-BE54-9A1E7A4F7556}") = "DALI.PolicyRequirements.DomainModels", "DALI.PolicyRequirements.DomainModels\DALI.PolicyRequirements.DomainModels.csproj", "{4198318D-B5BE-4C0C-A3A4-CD2083CFA65D}"
EndProject
Project("{9A19103F-16F7-4668-BE54-9A1E7A4F7556}") = "DALI.PolicyRequirements.DomainModelInterfaces", "DALI.PolicyRequirements.DomainModelInterfaces\DALI.PolicyRequirements.DomainModelInterfaces.csproj", "{1D8A1F32-CC80-4EFA-9517-0C762DBE7DA0}"
EndProject
Project("{9A19103F-16F7-4668-BE54-9A1E7A4F7556}") = "DALI.SearchEngine.Models", "DALI.SearchEngine.Models\DALI.SearchEngine.Models.csproj", "{21D3B0EC-71BA-4F6E-A2C8-C303BAE896D7}"
EndProject
Project("{9A19103F-16F7-4668-BE54-9A1E7A4F7556}") = "DALI.Topics.SharedInfrastructure", "DALI.Topics.SharedInfrastructure\DALI.Topics.SharedInfrastructure.csproj", "{02E3D0AB-60DF-4305-9BAB-477DB9016FD2}"
EndProject
Project("{2150E333-8FDC-42A3-9474-1A3956D46DE8}") = "Common", "Common", "{61133EA0-1F58-4323-99EA-7B70C17FC602}"
EndProject
Project("{9A19103F-16F7-4668-BE54-9A1E7A4F7556}") = "DALI.Common", "DALI.Common\DALI.Common.csproj", "{53778A3F-DFD9-4B0B-87B7-4BCC237DE6BB}"
EndProject
Project("{9A19103F-16F7-4668-BE54-9A1E7A4F7556}") = "DALI.DesignBrief.Repositories", "DALI.DesignBrief.Repositories\DALI.DesignBrief.Repositories.csproj", "{1459343A-0C29-4C7E-B887-389952FE0D0D}"
EndProject
Project("{9A19103F-16F7-4668-BE54-9A1E7A4F7556}") = "DALI.PolicyRequirements.Repositories", "DALI.PolicyRequirements.Repositories\DALI.PolicyRequirements.Repositories.csproj", "{F11C1563-02FA-454B-BBC4-52A9AADD2295}"
EndProject
Project("{9A19103F-16F7-4668-BE54-9A1E7A4F7556}") = "DALI.UserAccount.Repositories", "DALI.UserAccount.Repositories\DALI.UserAccount.Repositories.csproj", "{91766A47-CFD5-49E0-B763-9CE4BCC50596}"
EndProject
Project("{9A19103F-16F7-4668-BE54-9A1E7A4F7556}") = "DALI.DesignBrief.DomainModels", "DALI.DesignBrief.DomainModels\DALI.DesignBrief.DomainModels.csproj", "{444B5822-BF66-45C5-9E6A-EF23D9661926}"
EndProject
Project("{9A19103F-16F7-4668-BE54-9A1E7A4F7556}") = "DALI.ExportEngine.Models", "DALI.ExportEngine.Models\DALI.ExportEngine.Models.csproj", "{D5B5AE5C-2863-4043-82F1-8617B2830F30}"
EndProject
Project("{9A19103F-16F7-4668-BE54-9A1E7A4F7556}") = "DALI.DesignBrief.DataEntityModels", "DALI.DesignBrief.DataEntityModels\DALI.DesignBrief.DataEntityModels.csproj", "{81CAA87C-CCCC-4FE2-B517-BFBDB673A9D4}"
EndProject
Project("{2150E333-8FDC-42A3-9474-1A3956D46DE8}") = "Localization", "Localization", "{17A409EA-B42D-46AF-AF12-212E45742F71}"
EndProject
Project("{9A19103F-16F7-4668-BE54-9A1E7A4F7556}") = "DALI.PolicyRequirements.Resources", "DALI.PolicyRequirements.Resources\DALI.PolicyRequirements.Resources.csproj", "{82767B83-5021-4A2D-8AF6-25FD4B644A4D}"
EndProject
Project("{2150E333-8FDC-42A3-9474-1A3956D46DE8}") = "Enumeration", "Enumeration", "{9306F364-41D2-4F6E-BADB-197F7A5B46C2}"
EndProject
Project("{9A19103F-16F7-4668-BE54-9A1E7A4F7556}") = "DALI.PolicyRequirements.BusinessTypes", "DALI.PolicyRequirements.BusinessTypes\DALI.PolicyRequirements.BusinessTypes.csproj", "{EDB94D63-6B2E-413C-BB97-2BEC336E9D6D}"
EndProject
Project("{9A19103F-16F7-4668-BE54-9A1E7A4F7556}") = "DALI.PublicSpaceManagement.DomainModels", "DALI.PublicSpaceManagement.DomainModels\DALI.PublicSpaceManagement.DomainModels.csproj", "{CC3AAA3B-0DB7-44DE-8BB7-C118B3B3B34C}"
EndProject
Project("{9A19103F-16F7-4668-BE54-9A1E7A4F7556}") = "DALI.Topics.Infrastructure", "DALI.Topics.Infrastructure\DALI.Topics.Infrastructure.csproj", "{F8E9593B-FE8E-4715-8E77-83143E1CD8FA}"
EndProject
Project("{9A19103F-16F7-4668-BE54-9A1E7A4F7556}") = "DALI.Topics.InfrastructureResources", "DALI.Topics.InfrastructureResources\DALI.Topics.InfrastructureResources.csproj", "{C246C5B0-BF8E-4A63-B951-3648C2117C7D}"
EndProject
Project("{9A19103F-16F7-4668-BE54-9A1E7A4F7556}") = "DALI.DesignBrief.Resources", "DALI.DesignBrief.Resources\DALI.DesignBrief.Resources.csproj", "{1EABA358-ECE3-40F1-80E4-4B8BF5B99B80}"
EndProject
Project("{FAE04EC0-301F-11D3-BF4B-00C04F79EFBC}") = "DALI.DesignBrief.BusinessTypes", "DALI.DesignBrief.BusinessTypes\DALI.DesignBrief.BusinessTypes.csproj", "{D7926BDF-5EA7-4C80-B9E7-F3589A074D75}"
EndProject
Project("{FAE04EC0-301F-11D3-BF4B-00C04F79EFBC}") = "DALI.UserAccount.DataEntityModel", "DALI.UserAccount.DataEntityModel\DALI.UserAccount.DataEntityModel.csproj", "{791BEC4E-897D-455E-B74D-B392787A29D2}"
EndProject
Project("{FAE04EC0-301F-11D3-BF4B-00C04F79EFBC}") = "DALI.UserAccount.DomainModels", "DALI.UserAccount.DomainModels\DALI.UserAccount.DomainModels.csproj", "{5CD0B17C-DB39-4A70-B9DA-308DCEC98278}"
EndProject
Project("{2150E333-8FDC-42A3-9474-1A3956D46DE8}") = "Validators", "Validators", "{0D67D93E-239F-4B31-B402-2C43BFD395EF}"
EndProject
Project("{FAE04EC0-301F-11D3-BF4B-00C04F79EFBC}") = "DALI.PolicyRequirements.BusinessRules", "DALI.PolicyRequirements.BusinessRules\DALI.PolicyRequirements.BusinessRules.csproj", "{2389E051-62F5-43B7-981A-A9500F334E5F}"
EndProject
Project("{FAE04EC0-301F-11D3-BF4B-00C04F79EFBC}") = "DALI.Common.Resources", "DALI.Common.Resources\DALI.Common.Resources.csproj", "{118BEDA1-C7CF-4D21-9F6A-B45950A5229D}"
EndProject
Project("{FAE04EC0-301F-11D3-BF4B-00C04F79EFBC}") = "DALI.PublicSpaceManagement.Shared", "DALI.PublicSpaceManagement.Shared\DALI.PublicSpaceManagement.Shared.csproj", "{B115123B-FEEF-436C-8669-FEEC366AB5B2}"
EndProject
Project("{FAE04EC0-301F-11D3-BF4B-00C04F79EFBC}") = "DALI.SearchEngine.API", "DALI.SearchEngine.API\DALI.SearchEngine.API.csproj", "{BC95F353-B99F-4982-A03C-ACDB275C89AD}"
EndProject
Global
	GlobalSection(SolutionConfigurationPlatforms) = preSolution
		Debug|Any CPU = Debug|Any CPU
		Release|Any CPU = Release|Any CPU
	EndGlobalSection
	GlobalSection(ProjectConfigurationPlatforms) = postSolution
		{D510011B-6CF5-43EE-88D7-97334BF357A0}.Debug|Any CPU.ActiveCfg = Debug|Any CPU
		{D510011B-6CF5-43EE-88D7-97334BF357A0}.Debug|Any CPU.Build.0 = Debug|Any CPU
		{D510011B-6CF5-43EE-88D7-97334BF357A0}.Release|Any CPU.ActiveCfg = Release|Any CPU
		{D510011B-6CF5-43EE-88D7-97334BF357A0}.Release|Any CPU.Build.0 = Release|Any CPU
		{B2A8EBDB-11F5-404A-AE60-FBE42A24BC92}.Debug|Any CPU.ActiveCfg = Debug|Any CPU
		{B2A8EBDB-11F5-404A-AE60-FBE42A24BC92}.Debug|Any CPU.Build.0 = Debug|Any CPU
		{B2A8EBDB-11F5-404A-AE60-FBE42A24BC92}.Release|Any CPU.ActiveCfg = Release|Any CPU
		{B2A8EBDB-11F5-404A-AE60-FBE42A24BC92}.Release|Any CPU.Build.0 = Release|Any CPU
		{FAE7F76B-A865-47E4-B010-2944B8883947}.Debug|Any CPU.ActiveCfg = Debug|Any CPU
		{FAE7F76B-A865-47E4-B010-2944B8883947}.Debug|Any CPU.Build.0 = Debug|Any CPU
		{FAE7F76B-A865-47E4-B010-2944B8883947}.Release|Any CPU.ActiveCfg = Release|Any CPU
		{FAE7F76B-A865-47E4-B010-2944B8883947}.Release|Any CPU.Build.0 = Release|Any CPU
		{1A54395A-344B-41B5-9426-83E42CC81F14}.Debug|Any CPU.ActiveCfg = Debug|Any CPU
		{1A54395A-344B-41B5-9426-83E42CC81F14}.Debug|Any CPU.Build.0 = Debug|Any CPU
		{1A54395A-344B-41B5-9426-83E42CC81F14}.Release|Any CPU.ActiveCfg = Release|Any CPU
		{1A54395A-344B-41B5-9426-83E42CC81F14}.Release|Any CPU.Build.0 = Release|Any CPU
		{E97849AE-42C9-42AA-9EC5-E78CA1AD9D96}.Debug|Any CPU.ActiveCfg = Debug|Any CPU
		{E97849AE-42C9-42AA-9EC5-E78CA1AD9D96}.Debug|Any CPU.Build.0 = Debug|Any CPU
		{E97849AE-42C9-42AA-9EC5-E78CA1AD9D96}.Release|Any CPU.ActiveCfg = Release|Any CPU
		{E97849AE-42C9-42AA-9EC5-E78CA1AD9D96}.Release|Any CPU.Build.0 = Release|Any CPU
		{97B2C7C6-8830-4303-8DA6-02140E557C46}.Debug|Any CPU.ActiveCfg = Debug|Any CPU
		{97B2C7C6-8830-4303-8DA6-02140E557C46}.Debug|Any CPU.Build.0 = Debug|Any CPU
		{97B2C7C6-8830-4303-8DA6-02140E557C46}.Release|Any CPU.ActiveCfg = Release|Any CPU
		{97B2C7C6-8830-4303-8DA6-02140E557C46}.Release|Any CPU.Build.0 = Release|Any CPU
		{346AF2EF-D4C1-4EC9-AF21-7ACD82B899CE}.Debug|Any CPU.ActiveCfg = Debug|Any CPU
		{346AF2EF-D4C1-4EC9-AF21-7ACD82B899CE}.Debug|Any CPU.Build.0 = Debug|Any CPU
		{346AF2EF-D4C1-4EC9-AF21-7ACD82B899CE}.Release|Any CPU.ActiveCfg = Release|Any CPU
		{346AF2EF-D4C1-4EC9-AF21-7ACD82B899CE}.Release|Any CPU.Build.0 = Release|Any CPU
		{4A84350D-9975-4EFB-B90E-7FB46CF5B935}.Debug|Any CPU.ActiveCfg = Debug|Any CPU
		{4A84350D-9975-4EFB-B90E-7FB46CF5B935}.Debug|Any CPU.Build.0 = Debug|Any CPU
		{4A84350D-9975-4EFB-B90E-7FB46CF5B935}.Release|Any CPU.ActiveCfg = Release|Any CPU
		{4A84350D-9975-4EFB-B90E-7FB46CF5B935}.Release|Any CPU.Build.0 = Release|Any CPU
		{A31BB222-8583-4552-8DE5-0447B2F8EA2A}.Debug|Any CPU.ActiveCfg = Debug|Any CPU
		{A31BB222-8583-4552-8DE5-0447B2F8EA2A}.Debug|Any CPU.Build.0 = Debug|Any CPU
		{A31BB222-8583-4552-8DE5-0447B2F8EA2A}.Release|Any CPU.ActiveCfg = Release|Any CPU
		{A31BB222-8583-4552-8DE5-0447B2F8EA2A}.Release|Any CPU.Build.0 = Release|Any CPU
		{E2F3D6E3-8ACC-4F48-A449-31DD6391885E}.Debug|Any CPU.ActiveCfg = Debug|Any CPU
		{E2F3D6E3-8ACC-4F48-A449-31DD6391885E}.Debug|Any CPU.Build.0 = Debug|Any CPU
		{E2F3D6E3-8ACC-4F48-A449-31DD6391885E}.Release|Any CPU.ActiveCfg = Release|Any CPU
		{E2F3D6E3-8ACC-4F48-A449-31DD6391885E}.Release|Any CPU.Build.0 = Release|Any CPU
		{B72D57E1-90DA-4D39-97BF-E4BF9F12118A}.Debug|Any CPU.ActiveCfg = Debug|Any CPU
		{B72D57E1-90DA-4D39-97BF-E4BF9F12118A}.Debug|Any CPU.Build.0 = Debug|Any CPU
		{B72D57E1-90DA-4D39-97BF-E4BF9F12118A}.Release|Any CPU.ActiveCfg = Release|Any CPU
		{B72D57E1-90DA-4D39-97BF-E4BF9F12118A}.Release|Any CPU.Build.0 = Release|Any CPU
		{BFD8E74B-E22F-4D0C-9324-0EB7E2D9F275}.Debug|Any CPU.ActiveCfg = Debug|Any CPU
		{BFD8E74B-E22F-4D0C-9324-0EB7E2D9F275}.Debug|Any CPU.Build.0 = Debug|Any CPU
		{BFD8E74B-E22F-4D0C-9324-0EB7E2D9F275}.Release|Any CPU.ActiveCfg = Release|Any CPU
		{BFD8E74B-E22F-4D0C-9324-0EB7E2D9F275}.Release|Any CPU.Build.0 = Release|Any CPU
		{73DDD393-690A-4247-A751-AAB5972EF6F0}.Debug|Any CPU.ActiveCfg = Debug|Any CPU
		{73DDD393-690A-4247-A751-AAB5972EF6F0}.Debug|Any CPU.Build.0 = Debug|Any CPU
		{73DDD393-690A-4247-A751-AAB5972EF6F0}.Release|Any CPU.ActiveCfg = Release|Any CPU
		{73DDD393-690A-4247-A751-AAB5972EF6F0}.Release|Any CPU.Build.0 = Release|Any CPU
		{8F3875E2-4D5C-40DF-A181-CC4296EE189A}.Debug|Any CPU.ActiveCfg = Debug|Any CPU
		{8F3875E2-4D5C-40DF-A181-CC4296EE189A}.Debug|Any CPU.Build.0 = Debug|Any CPU
		{8F3875E2-4D5C-40DF-A181-CC4296EE189A}.Release|Any CPU.ActiveCfg = Release|Any CPU
		{8F3875E2-4D5C-40DF-A181-CC4296EE189A}.Release|Any CPU.Build.0 = Release|Any CPU
		{43E057ED-68BA-4E1D-9A08-855C4218456F}.Debug|Any CPU.ActiveCfg = Debug|Any CPU
		{43E057ED-68BA-4E1D-9A08-855C4218456F}.Debug|Any CPU.Build.0 = Debug|Any CPU
		{43E057ED-68BA-4E1D-9A08-855C4218456F}.Release|Any CPU.ActiveCfg = Release|Any CPU
		{43E057ED-68BA-4E1D-9A08-855C4218456F}.Release|Any CPU.Build.0 = Release|Any CPU
		{4198318D-B5BE-4C0C-A3A4-CD2083CFA65D}.Debug|Any CPU.ActiveCfg = Debug|Any CPU
		{4198318D-B5BE-4C0C-A3A4-CD2083CFA65D}.Debug|Any CPU.Build.0 = Debug|Any CPU
		{4198318D-B5BE-4C0C-A3A4-CD2083CFA65D}.Release|Any CPU.ActiveCfg = Release|Any CPU
		{4198318D-B5BE-4C0C-A3A4-CD2083CFA65D}.Release|Any CPU.Build.0 = Release|Any CPU
		{1D8A1F32-CC80-4EFA-9517-0C762DBE7DA0}.Debug|Any CPU.ActiveCfg = Debug|Any CPU
		{1D8A1F32-CC80-4EFA-9517-0C762DBE7DA0}.Debug|Any CPU.Build.0 = Debug|Any CPU
		{1D8A1F32-CC80-4EFA-9517-0C762DBE7DA0}.Release|Any CPU.ActiveCfg = Release|Any CPU
		{1D8A1F32-CC80-4EFA-9517-0C762DBE7DA0}.Release|Any CPU.Build.0 = Release|Any CPU
		{21D3B0EC-71BA-4F6E-A2C8-C303BAE896D7}.Debug|Any CPU.ActiveCfg = Debug|Any CPU
		{21D3B0EC-71BA-4F6E-A2C8-C303BAE896D7}.Debug|Any CPU.Build.0 = Debug|Any CPU
		{21D3B0EC-71BA-4F6E-A2C8-C303BAE896D7}.Release|Any CPU.ActiveCfg = Release|Any CPU
		{21D3B0EC-71BA-4F6E-A2C8-C303BAE896D7}.Release|Any CPU.Build.0 = Release|Any CPU
		{02E3D0AB-60DF-4305-9BAB-477DB9016FD2}.Debug|Any CPU.ActiveCfg = Debug|Any CPU
		{02E3D0AB-60DF-4305-9BAB-477DB9016FD2}.Debug|Any CPU.Build.0 = Debug|Any CPU
		{02E3D0AB-60DF-4305-9BAB-477DB9016FD2}.Release|Any CPU.ActiveCfg = Release|Any CPU
		{02E3D0AB-60DF-4305-9BAB-477DB9016FD2}.Release|Any CPU.Build.0 = Release|Any CPU
		{53778A3F-DFD9-4B0B-87B7-4BCC237DE6BB}.Debug|Any CPU.ActiveCfg = Debug|Any CPU
		{53778A3F-DFD9-4B0B-87B7-4BCC237DE6BB}.Debug|Any CPU.Build.0 = Debug|Any CPU
		{53778A3F-DFD9-4B0B-87B7-4BCC237DE6BB}.Release|Any CPU.ActiveCfg = Release|Any CPU
		{53778A3F-DFD9-4B0B-87B7-4BCC237DE6BB}.Release|Any CPU.Build.0 = Release|Any CPU
		{1459343A-0C29-4C7E-B887-389952FE0D0D}.Debug|Any CPU.ActiveCfg = Debug|Any CPU
		{1459343A-0C29-4C7E-B887-389952FE0D0D}.Debug|Any CPU.Build.0 = Debug|Any CPU
		{1459343A-0C29-4C7E-B887-389952FE0D0D}.Release|Any CPU.ActiveCfg = Release|Any CPU
		{1459343A-0C29-4C7E-B887-389952FE0D0D}.Release|Any CPU.Build.0 = Release|Any CPU
		{F11C1563-02FA-454B-BBC4-52A9AADD2295}.Debug|Any CPU.ActiveCfg = Debug|Any CPU
		{F11C1563-02FA-454B-BBC4-52A9AADD2295}.Debug|Any CPU.Build.0 = Debug|Any CPU
		{F11C1563-02FA-454B-BBC4-52A9AADD2295}.Release|Any CPU.ActiveCfg = Release|Any CPU
		{F11C1563-02FA-454B-BBC4-52A9AADD2295}.Release|Any CPU.Build.0 = Release|Any CPU
		{91766A47-CFD5-49E0-B763-9CE4BCC50596}.Debug|Any CPU.ActiveCfg = Debug|Any CPU
		{91766A47-CFD5-49E0-B763-9CE4BCC50596}.Debug|Any CPU.Build.0 = Debug|Any CPU
		{91766A47-CFD5-49E0-B763-9CE4BCC50596}.Release|Any CPU.ActiveCfg = Release|Any CPU
		{91766A47-CFD5-49E0-B763-9CE4BCC50596}.Release|Any CPU.Build.0 = Release|Any CPU
		{444B5822-BF66-45C5-9E6A-EF23D9661926}.Debug|Any CPU.ActiveCfg = Debug|Any CPU
		{444B5822-BF66-45C5-9E6A-EF23D9661926}.Debug|Any CPU.Build.0 = Debug|Any CPU
		{444B5822-BF66-45C5-9E6A-EF23D9661926}.Release|Any CPU.ActiveCfg = Release|Any CPU
		{444B5822-BF66-45C5-9E6A-EF23D9661926}.Release|Any CPU.Build.0 = Release|Any CPU
		{D5B5AE5C-2863-4043-82F1-8617B2830F30}.Debug|Any CPU.ActiveCfg = Debug|Any CPU
		{D5B5AE5C-2863-4043-82F1-8617B2830F30}.Debug|Any CPU.Build.0 = Debug|Any CPU
		{D5B5AE5C-2863-4043-82F1-8617B2830F30}.Release|Any CPU.ActiveCfg = Release|Any CPU
		{D5B5AE5C-2863-4043-82F1-8617B2830F30}.Release|Any CPU.Build.0 = Release|Any CPU
		{81CAA87C-CCCC-4FE2-B517-BFBDB673A9D4}.Debug|Any CPU.ActiveCfg = Debug|Any CPU
		{81CAA87C-CCCC-4FE2-B517-BFBDB673A9D4}.Debug|Any CPU.Build.0 = Debug|Any CPU
		{81CAA87C-CCCC-4FE2-B517-BFBDB673A9D4}.Release|Any CPU.ActiveCfg = Release|Any CPU
		{81CAA87C-CCCC-4FE2-B517-BFBDB673A9D4}.Release|Any CPU.Build.0 = Release|Any CPU
		{82767B83-5021-4A2D-8AF6-25FD4B644A4D}.Debug|Any CPU.ActiveCfg = Debug|Any CPU
		{82767B83-5021-4A2D-8AF6-25FD4B644A4D}.Debug|Any CPU.Build.0 = Debug|Any CPU
		{82767B83-5021-4A2D-8AF6-25FD4B644A4D}.Release|Any CPU.ActiveCfg = Release|Any CPU
		{82767B83-5021-4A2D-8AF6-25FD4B644A4D}.Release|Any CPU.Build.0 = Release|Any CPU
		{EDB94D63-6B2E-413C-BB97-2BEC336E9D6D}.Debug|Any CPU.ActiveCfg = Debug|Any CPU
		{EDB94D63-6B2E-413C-BB97-2BEC336E9D6D}.Debug|Any CPU.Build.0 = Debug|Any CPU
		{EDB94D63-6B2E-413C-BB97-2BEC336E9D6D}.Release|Any CPU.ActiveCfg = Release|Any CPU
		{EDB94D63-6B2E-413C-BB97-2BEC336E9D6D}.Release|Any CPU.Build.0 = Release|Any CPU
		{CC3AAA3B-0DB7-44DE-8BB7-C118B3B3B34C}.Debug|Any CPU.ActiveCfg = Debug|Any CPU
		{CC3AAA3B-0DB7-44DE-8BB7-C118B3B3B34C}.Debug|Any CPU.Build.0 = Debug|Any CPU
		{CC3AAA3B-0DB7-44DE-8BB7-C118B3B3B34C}.Release|Any CPU.ActiveCfg = Release|Any CPU
		{CC3AAA3B-0DB7-44DE-8BB7-C118B3B3B34C}.Release|Any CPU.Build.0 = Release|Any CPU
		{F8E9593B-FE8E-4715-8E77-83143E1CD8FA}.Debug|Any CPU.ActiveCfg = Debug|Any CPU
		{F8E9593B-FE8E-4715-8E77-83143E1CD8FA}.Debug|Any CPU.Build.0 = Debug|Any CPU
		{F8E9593B-FE8E-4715-8E77-83143E1CD8FA}.Release|Any CPU.ActiveCfg = Release|Any CPU
		{F8E9593B-FE8E-4715-8E77-83143E1CD8FA}.Release|Any CPU.Build.0 = Release|Any CPU
		{C246C5B0-BF8E-4A63-B951-3648C2117C7D}.Debug|Any CPU.ActiveCfg = Debug|Any CPU
		{C246C5B0-BF8E-4A63-B951-3648C2117C7D}.Debug|Any CPU.Build.0 = Debug|Any CPU
		{C246C5B0-BF8E-4A63-B951-3648C2117C7D}.Release|Any CPU.ActiveCfg = Release|Any CPU
		{C246C5B0-BF8E-4A63-B951-3648C2117C7D}.Release|Any CPU.Build.0 = Release|Any CPU
		{1EABA358-ECE3-40F1-80E4-4B8BF5B99B80}.Debug|Any CPU.ActiveCfg = Debug|Any CPU
		{1EABA358-ECE3-40F1-80E4-4B8BF5B99B80}.Debug|Any CPU.Build.0 = Debug|Any CPU
		{1EABA358-ECE3-40F1-80E4-4B8BF5B99B80}.Release|Any CPU.ActiveCfg = Release|Any CPU
		{1EABA358-ECE3-40F1-80E4-4B8BF5B99B80}.Release|Any CPU.Build.0 = Release|Any CPU
		{D7926BDF-5EA7-4C80-B9E7-F3589A074D75}.Debug|Any CPU.ActiveCfg = Debug|Any CPU
		{D7926BDF-5EA7-4C80-B9E7-F3589A074D75}.Debug|Any CPU.Build.0 = Debug|Any CPU
		{D7926BDF-5EA7-4C80-B9E7-F3589A074D75}.Release|Any CPU.ActiveCfg = Release|Any CPU
		{D7926BDF-5EA7-4C80-B9E7-F3589A074D75}.Release|Any CPU.Build.0 = Release|Any CPU
		{791BEC4E-897D-455E-B74D-B392787A29D2}.Debug|Any CPU.ActiveCfg = Debug|Any CPU
		{791BEC4E-897D-455E-B74D-B392787A29D2}.Debug|Any CPU.Build.0 = Debug|Any CPU
		{791BEC4E-897D-455E-B74D-B392787A29D2}.Release|Any CPU.ActiveCfg = Release|Any CPU
		{791BEC4E-897D-455E-B74D-B392787A29D2}.Release|Any CPU.Build.0 = Release|Any CPU
		{5CD0B17C-DB39-4A70-B9DA-308DCEC98278}.Debug|Any CPU.ActiveCfg = Debug|Any CPU
		{5CD0B17C-DB39-4A70-B9DA-308DCEC98278}.Debug|Any CPU.Build.0 = Debug|Any CPU
		{5CD0B17C-DB39-4A70-B9DA-308DCEC98278}.Release|Any CPU.ActiveCfg = Release|Any CPU
		{5CD0B17C-DB39-4A70-B9DA-308DCEC98278}.Release|Any CPU.Build.0 = Release|Any CPU
		{2389E051-62F5-43B7-981A-A9500F334E5F}.Debug|Any CPU.ActiveCfg = Debug|Any CPU
		{2389E051-62F5-43B7-981A-A9500F334E5F}.Debug|Any CPU.Build.0 = Debug|Any CPU
		{2389E051-62F5-43B7-981A-A9500F334E5F}.Release|Any CPU.ActiveCfg = Release|Any CPU
		{2389E051-62F5-43B7-981A-A9500F334E5F}.Release|Any CPU.Build.0 = Release|Any CPU
		{118BEDA1-C7CF-4D21-9F6A-B45950A5229D}.Debug|Any CPU.ActiveCfg = Debug|Any CPU
		{118BEDA1-C7CF-4D21-9F6A-B45950A5229D}.Debug|Any CPU.Build.0 = Debug|Any CPU
		{118BEDA1-C7CF-4D21-9F6A-B45950A5229D}.Release|Any CPU.ActiveCfg = Release|Any CPU
		{118BEDA1-C7CF-4D21-9F6A-B45950A5229D}.Release|Any CPU.Build.0 = Release|Any CPU
		{B115123B-FEEF-436C-8669-FEEC366AB5B2}.Debug|Any CPU.ActiveCfg = Debug|Any CPU
		{B115123B-FEEF-436C-8669-FEEC366AB5B2}.Debug|Any CPU.Build.0 = Debug|Any CPU
		{B115123B-FEEF-436C-8669-FEEC366AB5B2}.Release|Any CPU.ActiveCfg = Release|Any CPU
		{B115123B-FEEF-436C-8669-FEEC366AB5B2}.Release|Any CPU.Build.0 = Release|Any CPU
		{BC95F353-B99F-4982-A03C-ACDB275C89AD}.Debug|Any CPU.ActiveCfg = Debug|Any CPU
		{BC95F353-B99F-4982-A03C-ACDB275C89AD}.Debug|Any CPU.Build.0 = Debug|Any CPU
		{BC95F353-B99F-4982-A03C-ACDB275C89AD}.Release|Any CPU.ActiveCfg = Release|Any CPU
		{BC95F353-B99F-4982-A03C-ACDB275C89AD}.Release|Any CPU.Build.0 = Release|Any CPU
	EndGlobalSection
	GlobalSection(SolutionProperties) = preSolution
		HideSolutionNode = FALSE
	EndGlobalSection
	GlobalSection(NestedProjects) = preSolution
		{D510011B-6CF5-43EE-88D7-97334BF357A0} = {F004EEAF-E4B9-472C-82E3-1853ABD343E3}
		{B2A8EBDB-11F5-404A-AE60-FBE42A24BC92} = {F004EEAF-E4B9-472C-82E3-1853ABD343E3}
		{FAE7F76B-A865-47E4-B010-2944B8883947} = {F004EEAF-E4B9-472C-82E3-1853ABD343E3}
		{1A54395A-344B-41B5-9426-83E42CC81F14} = {F004EEAF-E4B9-472C-82E3-1853ABD343E3}
		{E97849AE-42C9-42AA-9EC5-E78CA1AD9D96} = {F004EEAF-E4B9-472C-82E3-1853ABD343E3}
		{97B2C7C6-8830-4303-8DA6-02140E557C46} = {F004EEAF-E4B9-472C-82E3-1853ABD343E3}
		{346AF2EF-D4C1-4EC9-AF21-7ACD82B899CE} = {F004EEAF-E4B9-472C-82E3-1853ABD343E3}
		{4A84350D-9975-4EFB-B90E-7FB46CF5B935} = {F004EEAF-E4B9-472C-82E3-1853ABD343E3}
		{A31BB222-8583-4552-8DE5-0447B2F8EA2A} = {F004EEAF-E4B9-472C-82E3-1853ABD343E3}
		{E2F3D6E3-8ACC-4F48-A449-31DD6391885E} = {F004EEAF-E4B9-472C-82E3-1853ABD343E3}
		{B72D57E1-90DA-4D39-97BF-E4BF9F12118A} = {F004EEAF-E4B9-472C-82E3-1853ABD343E3}
		{BFD8E74B-E22F-4D0C-9324-0EB7E2D9F275} = {F004EEAF-E4B9-472C-82E3-1853ABD343E3}
		{73DDD393-690A-4247-A751-AAB5972EF6F0} = {F004EEAF-E4B9-472C-82E3-1853ABD343E3}
		{8F3875E2-4D5C-40DF-A181-CC4296EE189A} = {652376F7-001E-41DD-B44B-E1C9AA921002}
		{43E057ED-68BA-4E1D-9A08-855C4218456F} = {25173BD8-6C2C-4A25-9175-DD40D7BE0A9E}
		{4198318D-B5BE-4C0C-A3A4-CD2083CFA65D} = {25173BD8-6C2C-4A25-9175-DD40D7BE0A9E}
		{1D8A1F32-CC80-4EFA-9517-0C762DBE7DA0} = {25173BD8-6C2C-4A25-9175-DD40D7BE0A9E}
		{21D3B0EC-71BA-4F6E-A2C8-C303BAE896D7} = {25173BD8-6C2C-4A25-9175-DD40D7BE0A9E}
		{02E3D0AB-60DF-4305-9BAB-477DB9016FD2} = {25173BD8-6C2C-4A25-9175-DD40D7BE0A9E}
		{53778A3F-DFD9-4B0B-87B7-4BCC237DE6BB} = {61133EA0-1F58-4323-99EA-7B70C17FC602}
		{1459343A-0C29-4C7E-B887-389952FE0D0D} = {2D8A1469-E687-44BD-9706-43AAC5DE2324}
		{F11C1563-02FA-454B-BBC4-52A9AADD2295} = {2D8A1469-E687-44BD-9706-43AAC5DE2324}
		{91766A47-CFD5-49E0-B763-9CE4BCC50596} = {2D8A1469-E687-44BD-9706-43AAC5DE2324}
		{444B5822-BF66-45C5-9E6A-EF23D9661926} = {25173BD8-6C2C-4A25-9175-DD40D7BE0A9E}
		{D5B5AE5C-2863-4043-82F1-8617B2830F30} = {25173BD8-6C2C-4A25-9175-DD40D7BE0A9E}
		{81CAA87C-CCCC-4FE2-B517-BFBDB673A9D4} = {25173BD8-6C2C-4A25-9175-DD40D7BE0A9E}
		{82767B83-5021-4A2D-8AF6-25FD4B644A4D} = {17A409EA-B42D-46AF-AF12-212E45742F71}
		{EDB94D63-6B2E-413C-BB97-2BEC336E9D6D} = {9306F364-41D2-4F6E-BADB-197F7A5B46C2}
		{CC3AAA3B-0DB7-44DE-8BB7-C118B3B3B34C} = {25173BD8-6C2C-4A25-9175-DD40D7BE0A9E}
		{F8E9593B-FE8E-4715-8E77-83143E1CD8FA} = {25173BD8-6C2C-4A25-9175-DD40D7BE0A9E}
		{C246C5B0-BF8E-4A63-B951-3648C2117C7D} = {17A409EA-B42D-46AF-AF12-212E45742F71}
		{1EABA358-ECE3-40F1-80E4-4B8BF5B99B80} = {17A409EA-B42D-46AF-AF12-212E45742F71}
		{D7926BDF-5EA7-4C80-B9E7-F3589A074D75} = {9306F364-41D2-4F6E-BADB-197F7A5B46C2}
		{791BEC4E-897D-455E-B74D-B392787A29D2} = {25173BD8-6C2C-4A25-9175-DD40D7BE0A9E}
		{5CD0B17C-DB39-4A70-B9DA-308DCEC98278} = {25173BD8-6C2C-4A25-9175-DD40D7BE0A9E}
		{2389E051-62F5-43B7-981A-A9500F334E5F} = {0D67D93E-239F-4B31-B402-2C43BFD395EF}
		{118BEDA1-C7CF-4D21-9F6A-B45950A5229D} = {17A409EA-B42D-46AF-AF12-212E45742F71}
		{B115123B-FEEF-436C-8669-FEEC366AB5B2} = {25173BD8-6C2C-4A25-9175-DD40D7BE0A9E}
		{BC95F353-B99F-4982-A03C-ACDB275C89AD} = {652376F7-001E-41DD-B44B-E1C9AA921002}
	EndGlobalSection
	GlobalSection(ExtensibilityGlobals) = postSolution
		SolutionGuid = {FC1B6B6F-044B-4C9F-8F18-2CF30A54F324}
	EndGlobalSection
EndGlobal
